
Microsoft Visual Studio Solution File, Format Version 12.00
Project("{FAE04EC0-301F-11D3-BF4B-00C04F79EFBC}") = "TestConsole4", "TestConsole4\TestConsole4.csproj", "{B11E8F8C-156B-416D-A391-D88D5EDC1AF3}"
EndProject
Project("{FAE04EC0-301F-11D3-BF4B-00C04F79EFBC}") = "TestProject1", "TestProject1\TestProject1.csproj", "{1B43BA28-9DB7-4323-923A-E6AE837F6D92}"
EndProject
Global
	GlobalSection(SolutionConfigurationPlatforms) = preSolution
		Debug|Any CPU = Debug|Any CPU
		Release|Any CPU = Release|Any CPU
	EndGlobalSection
	GlobalSection(ProjectConfigurationPlatforms) = postSolution
		{B11E8F8C-156B-416D-A391-D88D5EDC1AF3}.Debug|Any CPU.ActiveCfg = Debug|Any CPU
		{B11E8F8C-156B-416D-A391-D88D5EDC1AF3}.Debug|Any CPU.Build.0 = Debug|Any CPU
		{B11E8F8C-156B-416D-A391-D88D5EDC1AF3}.Release|Any CPU.ActiveCfg = Release|Any CPU
		{B11E8F8C-156B-416D-A391-D88D5EDC1AF3}.Release|Any CPU.Build.0 = Release|Any CPU
		{1B43BA28-9DB7-4323-923A-E6AE837F6D92}.Debug|Any CPU.ActiveCfg = Debug|Any CPU
		{1B43BA28-9DB7-4323-923A-E6AE837F6D92}.Debug|Any CPU.Build.0 = Debug|Any CPU
		{1B43BA28-9DB7-4323-923A-E6AE837F6D92}.Release|Any CPU.ActiveCfg = Release|Any CPU
		{1B43BA28-9DB7-4323-923A-E6AE837F6D92}.Release|Any CPU.Build.0 = Release|Any CPU
	EndGlobalSection
EndGlobal
